
Microsoft Visual Studio Solution File, Format Version 12.00
# Visual Studio Version 17
VisualStudioVersion = 17.3.32811.315
MinimumVisualStudioVersion = 10.0.40219.1
Project("{FAE04EC0-301F-11D3-BF4B-00C04F79EFBC}") = "Prova", "Prova\Prova.csproj", "{E711E9AE-0F56-498D-AE2F-E13BAA0CBEBB}"
EndProject
Global
	GlobalSection(SolutionConfigurationPlatforms) = preSolution
		Debug|Any CPU = Debug|Any CPU
		Release|Any CPU = Release|Any CPU
	EndGlobalSection
	GlobalSection(ProjectConfigurationPlatforms) = postSolution
		{E711E9AE-0F56-498D-AE2F-E13BAA0CBEBB}.Debug|Any CPU.ActiveCfg = Debug|Any CPU
		{E711E9AE-0F56-498D-AE2F-E13BAA0CBEBB}.Debug|Any CPU.Build.0 = Debug|Any CPU
		{E711E9AE-0F56-498D-AE2F-E13BAA0CBEBB}.Release|Any CPU.ActiveCfg = Release|Any CPU
		{E711E9AE-0F56-498D-AE2F-E13BAA0CBEBB}.Release|Any CPU.Build.0 = Release|Any CPU
	EndGlobalSection
	GlobalSection(SolutionProperties) = preSolution
		HideSolutionNode = FALSE
	EndGlobalSection
	GlobalSection(ExtensibilityGlobals) = postSolution
		SolutionGuid = {598D1A8B-F92F-493A-A4C5-3D8D698819DC}
	EndGlobalSection
EndGlobal
